
Microsoft Visual Studio Solution File, Format Version 12.00
# Visual Studio Version 16
VisualStudioVersion = 16.0.31424.327
MinimumVisualStudioVersion = 10.0.40219.1
Project("{2150E333-8FDC-42A3-9474-1A3956D46DE8}") = "Services", "Services", "{DF01CF8E-ECB3-4007-8772-0DDF56B8D1AF}"
EndProject
Project("{2150E333-8FDC-42A3-9474-1A3956D46DE8}") = "Catalog", "Catalog", "{A9279097-917E-45A5-80EE-F9BB10BFF96F}"
EndProject
Project("{FAE04EC0-301F-11D3-BF4B-00C04F79EFBC}") = "Catalog.API", "Services\Catalog\Catalog.API\Catalog.API.csproj", "{1048B645-B203-4380-9A70-2E4BF74D4E7C}"
EndProject
Global
	GlobalSection(SolutionConfigurationPlatforms) = preSolution
		Debug|Any CPU = Debug|Any CPU
		Release|Any CPU = Release|Any CPU
	EndGlobalSection
	GlobalSection(ProjectConfigurationPlatforms) = postSolution
		{1048B645-B203-4380-9A70-2E4BF74D4E7C}.Debug|Any CPU.ActiveCfg = Debug|Any CPU
		{1048B645-B203-4380-9A70-2E4BF74D4E7C}.Debug|Any CPU.Build.0 = Debug|Any CPU
		{1048B645-B203-4380-9A70-2E4BF74D4E7C}.Release|Any CPU.ActiveCfg = Release|Any CPU
		{1048B645-B203-4380-9A70-2E4BF74D4E7C}.Release|Any CPU.Build.0 = Release|Any CPU
	EndGlobalSection
	GlobalSection(SolutionProperties) = preSolution
		HideSolutionNode = FALSE
	EndGlobalSection
	GlobalSection(NestedProjects) = preSolution
		{A9279097-917E-45A5-80EE-F9BB10BFF96F} = {DF01CF8E-ECB3-4007-8772-0DDF56B8D1AF}
		{1048B645-B203-4380-9A70-2E4BF74D4E7C} = {A9279097-917E-45A5-80EE-F9BB10BFF96F}
	EndGlobalSection
	GlobalSection(ExtensibilityGlobals) = postSolution
		SolutionGuid = {F1680F45-AE11-4E2C-B07A-3A6B4DD12060}
	EndGlobalSection
EndGlobal
